
Microsoft Visual Studio Solution File, Format Version 12.00
# Visual Studio Version 16
VisualStudioVersion = 16.0.30717.126
MinimumVisualStudioVersion = 10.0.40219.1
Project("{FAE04EC0-301F-11D3-BF4B-00C04F79EFBC}") = "Ozyinelemeli_Fonksiyon", "Ozyinelemeli_Fonksiyon\Ozyinelemeli_Fonksiyon.csproj", "{E08C70EE-39E3-4703-B253-F9C8AE7ECC4B}"
EndProject
Global
	GlobalSection(SolutionConfigurationPlatforms) = preSolution
		Debug|Any CPU = Debug|Any CPU
		Release|Any CPU = Release|Any CPU
	EndGlobalSection
	GlobalSection(ProjectConfigurationPlatforms) = postSolution
		{E08C70EE-39E3-4703-B253-F9C8AE7ECC4B}.Debug|Any CPU.ActiveCfg = Debug|Any CPU
		{E08C70EE-39E3-4703-B253-F9C8AE7ECC4B}.Debug|Any CPU.Build.0 = Debug|Any CPU
		{E08C70EE-39E3-4703-B253-F9C8AE7ECC4B}.Release|Any CPU.ActiveCfg = Release|Any CPU
		{E08C70EE-39E3-4703-B253-F9C8AE7ECC4B}.Release|Any CPU.Build.0 = Release|Any CPU
	EndGlobalSection
	GlobalSection(SolutionProperties) = preSolution
		HideSolutionNode = FALSE
	EndGlobalSection
	GlobalSection(ExtensibilityGlobals) = postSolution
		SolutionGuid = {DA5D7DC5-566A-4799-9BAF-7009ADD8F8BD}
	EndGlobalSection
EndGlobal
